
Microsoft Visual Studio Solution File, Format Version 12.00
# Visual Studio Version 17
VisualStudioVersion = 17.14.36127.28 d17.14
MinimumVisualStudioVersion = 10.0.40219.1
Project("{FAE04EC0-301F-11D3-BF4B-00C04F79EFBC}") = "Uzenetkuldo", "Uzenetkuldo\Uzenetkuldo.csproj", "{492D3710-7FD3-4461-AACD-77B79FB17902}"
EndProject
Global
	GlobalSection(SolutionConfigurationPlatforms) = preSolution
		Debug|Any CPU = Debug|Any CPU
		Release|Any CPU = Release|Any CPU
	EndGlobalSection
	GlobalSection(ProjectConfigurationPlatforms) = postSolution
		{492D3710-7FD3-4461-AACD-77B79FB17902}.Debug|Any CPU.ActiveCfg = Debug|Any CPU
		{492D3710-7FD3-4461-AACD-77B79FB17902}.Debug|Any CPU.Build.0 = Debug|Any CPU
		{492D3710-7FD3-4461-AACD-77B79FB17902}.Release|Any CPU.ActiveCfg = Release|Any CPU
		{492D3710-7FD3-4461-AACD-77B79FB17902}.Release|Any CPU.Build.0 = Release|Any CPU
	EndGlobalSection
	GlobalSection(SolutionProperties) = preSolution
		HideSolutionNode = FALSE
	EndGlobalSection
	GlobalSection(ExtensibilityGlobals) = postSolution
		SolutionGuid = {B2FDE9FB-24CF-497D-8E59-001DB6214B74}
	EndGlobalSection
EndGlobal
